
Microsoft Visual Studio Solution File, Format Version 12.00
# Visual Studio Version 17
VisualStudioVersion = 17.8.34511.84
MinimumVisualStudioVersion = 10.0.40219.1
Project("{FAE04EC0-301F-11D3-BF4B-00C04F79EFBC}") = "Sofa3Devops", "Sofa3Devops\Sofa3Devops.csproj", "{4A9CE212-E957-413B-BDAA-6347EE64C467}"
EndProject
Project("{FAE04EC0-301F-11D3-BF4B-00C04F79EFBC}") = "Sofa3DevOpsTest", "Sofa3DevOpsTest\Sofa3DevOpsTest.csproj", "{6D069284-F4C8-4DA9-8E88-F1584D7927CE}"
EndProject
Global
	GlobalSection(SolutionConfigurationPlatforms) = preSolution
		Debug|Any CPU = Debug|Any CPU
		Release|Any CPU = Release|Any CPU
	EndGlobalSection
	GlobalSection(ProjectConfigurationPlatforms) = postSolution
		{4A9CE212-E957-413B-BDAA-6347EE64C467}.Debug|Any CPU.ActiveCfg = Debug|Any CPU
		{4A9CE212-E957-413B-BDAA-6347EE64C467}.Debug|Any CPU.Build.0 = Debug|Any CPU
		{4A9CE212-E957-413B-BDAA-6347EE64C467}.Release|Any CPU.ActiveCfg = Release|Any CPU
		{4A9CE212-E957-413B-BDAA-6347EE64C467}.Release|Any CPU.Build.0 = Release|Any CPU
		{6D069284-F4C8-4DA9-8E88-F1584D7927CE}.Debug|Any CPU.ActiveCfg = Debug|Any CPU
		{6D069284-F4C8-4DA9-8E88-F1584D7927CE}.Debug|Any CPU.Build.0 = Debug|Any CPU
		{6D069284-F4C8-4DA9-8E88-F1584D7927CE}.Release|Any CPU.ActiveCfg = Release|Any CPU
		{6D069284-F4C8-4DA9-8E88-F1584D7927CE}.Release|Any CPU.Build.0 = Release|Any CPU
	EndGlobalSection
	GlobalSection(SolutionProperties) = preSolution
		HideSolutionNode = FALSE
	EndGlobalSection
	GlobalSection(ExtensibilityGlobals) = postSolution
		SolutionGuid = {F797C80D-B15D-49ED-9DBF-4CA516D403D4}
	EndGlobalSection
EndGlobal
